# This file is autogenerated, do not edit; changes may be undone by the next 'dep ensure'.


[[projects]]
  digest = "1:6098222470fe0172157ce9bbef5d2200df4edde17ee649c5d6e48330e4afa4c6"
  name = "github.com/dgrijalva/jwt-go"
  packages = ["."]
  pruneopts = ""
  revision = "06ea1031745cb8b3dab3f6a236daf2b0aa468b7e"
  version = "v3.2.0"

[[projects]]
  branch = "master"
  digest = "1:2f0292a45b0b69fac09b1e768cb7997eeff70874744ba1e37989a51758820c8a"
  name = "github.com/graph-gophers/graphql-go"
  packages = [
    ".",
    "errors",
    "internal/common",
    "internal/exec",
    "internal/exec/packer",
    "internal/exec/resolvable",
    "internal/exec/selected",
    "internal/query",
    "internal/schema",
    "internal/validation",
    "introspection",
    "log",
    "trace",
  ]
  pruneopts = ""
  revision = "1e97269a08627cd1b2e2e8f753cb7a647882f622"

[[projects]]
  digest = "1:012684836b98fe30c53f8536c01325c52622f420fa27c1fb3ca8a1471c469606"
  name = "github.com/imdario/mergo"
  packages = ["."]
  pruneopts = ""
  revision = "7fe0c75c13abdee74b09fcacef5ea1c6bba6a874"
  version = "0.2.4"

[[projects]]
  branch = "master"
  digest = "1:d724d8f68ff551065e0335b21642361e224cee973c242bf70683e487291a613e"
  name = "github.com/lib/pq"
  packages = [
    ".",
    "oid",
  ]
  pruneopts = ""
  revision = "88edab0803230a3898347e77b474f8c1820a1f20"

[[projects]]
  digest = "1:78fb99d6011c2ae6c72f3293a83951311147b12b06a5ffa43abf750c4fab6ac5"
  name = "github.com/opentracing/opentracing-go"
  packages = [
    ".",
    "ext",
    "log",
  ]
  pruneopts = ""
  revision = "1949ddbfd147afd4d964a9f00b24eb291e0e7c38"
  version = "v1.0.2"

[[projects]]
  digest = "1:7f569d906bdd20d906b606415b7d794f798f91a62fcfb6a4daa6d50690fb7a3f"
  name = "github.com/satori/go.uuid"
  packages = ["."]
  pruneopts = ""
  revision = "f58768cc1a7a7e77a3bd49e98cdd21419399b6a3"
  version = "v1.2.0"

[[projects]]
  branch = "master"
  digest = "1:606fa779c7a80ab6a9ec5836cd12759f86cd6e1d82d5d60cf7ec5133e78c6cf8"
  name = "github.com/shurcooL/sanitized_anchor_name"
  packages = ["."]
  pruneopts = ""
  revision = "86672fcb3f950f35f2e675df2240550f2a50762f"

[[projects]]
  branch = "master"
  digest = "1:1ccea9d6e0a782e7472448a706445650b2ec8e301137d9fd69e7f080e1bc0cdd"
  name = "golang.org/x/crypto"
  packages = [
    "bcrypt",
    "blowfish",
  ]
  pruneopts = ""
  revision = "c4a91bd4f524f10d064139674cf55852e055ad01"

[[projects]]
  branch = "master"
  digest = "1:ad98d71b9c99feabb92c17048cbe0f5fed3eb2a61fd51738ea8c492a9b0c0bb4"
  name = "golang.org/x/net"
  packages = ["context"]
  pruneopts = ""
  revision = "803fdb99c0f72e493c28ef2099d250a9c989d8ff"

[[projects]]
  digest = "1:1527313af610f96f1ea591b06bb46edfe8ae17f13d74d2e40c4fed7cd618e678"
  name = "gopkg.in/russross/blackfriday.v2"
  packages = ["."]
  pruneopts = ""
  revision = "cadec560ec52d93835bf2f15bd794700d3a2473b"
  version = "v2.0.0"

[solve-meta]
  analyzer-name = "dep"
  analyzer-version = 1
  input-imports = [
    "github.com/dgrijalva/jwt-go",
    "github.com/graph-gophers/graphql-go",
    "github.com/imdario/mergo",
    "github.com/lib/pq",
    "github.com/satori/go.uuid",
    "golang.org/x/crypto/bcrypt",
    "gopkg.in/russross/blackfriday.v2",
  ]
  solver-name = "gps-cdcl"
  solver-version = 1
