// !$*UTF8*$!
{
	archiveVersion = 1;
	classes = {
	};
	objectVersion = 55;
	objects = {

/* Begin PBXBuildFile section */
		53105D2527C3722D0038204F /* PostSourceViewer.swift in Sources */ = {isa = PBXBuildFile; fileRef = 53105D2427C3722D0038204F /* PostSourceViewer.swift */; };
		5333A25E27C2F3A80064FF44 /* WeblAdminApp.swift in Sources */ = {isa = PBXBuildFile; fileRef = 5333A25D27C2F3A80064FF44 /* WeblAdminApp.swift */; };
		5333A26027C2F3A80064FF44 /* ContentView.swift in Sources */ = {isa = PBXBuildFile; fileRef = 5333A25F27C2F3A80064FF44 /* ContentView.swift */; };
		5333A26227C2F3A90064FF44 /* Assets.xcassets in Resources */ = {isa = PBXBuildFile; fileRef = 5333A26127C2F3A90064FF44 /* Assets.xcassets */; };
		5333A26527C2F3A90064FF44 /* Preview Assets.xcassets in Resources */ = {isa = PBXBuildFile; fileRef = 5333A26427C2F3A90064FF44 /* Preview Assets.xcassets */; };
		5333A26E27C2F3EE0064FF44 /* WebClient.swift in Sources */ = {isa = PBXBuildFile; fileRef = 5333A26D27C2F3EE0064FF44 /* WebClient.swift */; };
		5333A27127C2F44B0064FF44 /* AccountPreferences.swift in Sources */ = {isa = PBXBuildFile; fileRef = 5333A27027C2F44B0064FF44 /* AccountPreferences.swift */; };
		5333A27427C30F3B0064FF44 /* PostListView.swift in Sources */ = {isa = PBXBuildFile; fileRef = 5333A27327C30F3B0064FF44 /* PostListView.swift */; };
		5333A27627C30F470064FF44 /* PostListViewState.swift in Sources */ = {isa = PBXBuildFile; fileRef = 5333A27527C30F470064FF44 /* PostListViewState.swift */; };
		5333A27927C313780064FF44 /* DateView.swift in Sources */ = {isa = PBXBuildFile; fileRef = 5333A27827C313780064FF44 /* DateView.swift */; };
		535BBE0627C7595D00920283 /* WebPostPreview.swift in Sources */ = {isa = PBXBuildFile; fileRef = 535BBE0527C7595D00920283 /* WebPostPreview.swift */; };
		535BBE0A27C75E1B00920283 /* style.css in Resources */ = {isa = PBXBuildFile; fileRef = 535BBE0927C75E1B00920283 /* style.css */; };
		535BBE0D27C762E100920283 /* Markdown in Frameworks */ = {isa = PBXBuildFile; productRef = 535BBE0C27C762E100920283 /* Markdown */; };
/* End PBXBuildFile section */

/* Begin PBXFileReference section */
		53105D2427C3722D0038204F /* PostSourceViewer.swift */ = {isa = PBXFileReference; lastKnownFileType = sourcecode.swift; path = PostSourceViewer.swift; sourceTree = "<group>"; };
		5333A25A27C2F3A80064FF44 /* WeblAdmin.app */ = {isa = PBXFileReference; explicitFileType = wrapper.application; includeInIndex = 0; path = WeblAdmin.app; sourceTree = BUILT_PRODUCTS_DIR; };
		5333A25D27C2F3A80064FF44 /* WeblAdminApp.swift */ = {isa = PBXFileReference; lastKnownFileType = sourcecode.swift; path = WeblAdminApp.swift; sourceTree = "<group>"; };
		5333A25F27C2F3A80064FF44 /* ContentView.swift */ = {isa = PBXFileReference; lastKnownFileType = sourcecode.swift; path = ContentView.swift; sourceTree = "<group>"; };
		5333A26127C2F3A90064FF44 /* Assets.xcassets */ = {isa = PBXFileReference; lastKnownFileType = folder.assetcatalog; path = Assets.xcassets; sourceTree = "<group>"; };
		5333A26427C2F3A90064FF44 /* Preview Assets.xcassets */ = {isa = PBXFileReference; lastKnownFileType = folder.assetcatalog; path = "Preview Assets.xcassets"; sourceTree = "<group>"; };
		5333A26627C2F3A90064FF44 /* WeblAdmin.entitlements */ = {isa = PBXFileReference; lastKnownFileType = text.plist.entitlements; path = WeblAdmin.entitlements; sourceTree = "<group>"; };
		5333A26D27C2F3EE0064FF44 /* WebClient.swift */ = {isa = PBXFileReference; lastKnownFileType = sourcecode.swift; path = WebClient.swift; sourceTree = "<group>"; };
		5333A27027C2F44B0064FF44 /* AccountPreferences.swift */ = {isa = PBXFileReference; lastKnownFileType = sourcecode.swift; path = AccountPreferences.swift; sourceTree = "<group>"; };
		5333A27327C30F3B0064FF44 /* PostListView.swift */ = {isa = PBXFileReference; lastKnownFileType = sourcecode.swift; path = PostListView.swift; sourceTree = "<group>"; };
		5333A27527C30F470064FF44 /* PostListViewState.swift */ = {isa = PBXFileReference; lastKnownFileType = sourcecode.swift; path = PostListViewState.swift; sourceTree = "<group>"; };
		5333A27827C313780064FF44 /* DateView.swift */ = {isa = PBXFileReference; fileEncoding = 4; lastKnownFileType = sourcecode.swift; path = DateView.swift; sourceTree = "<group>"; };
		535BBE0527C7595D00920283 /* WebPostPreview.swift */ = {isa = PBXFileReference; lastKnownFileType = sourcecode.swift; path = WebPostPreview.swift; sourceTree = "<group>"; };
		535BBE0927C75E1B00920283 /* style.css */ = {isa = PBXFileReference; lastKnownFileType = text.css; path = style.css; sourceTree = "<group>"; };
/* End PBXFileReference section */

/* Begin PBXFrameworksBuildPhase section */
		5333A25727C2F3A80064FF44 /* Frameworks */ = {
			isa = PBXFrameworksBuildPhase;
			buildActionMask = 2147483647;
			files = (
				535BBE0D27C762E100920283 /* Markdown in Frameworks */,
			);
			runOnlyForDeploymentPostprocessing = 0;
		};
/* End PBXFrameworksBuildPhase section */

/* Begin PBXGroup section */
		5333A25127C2F3A80064FF44 = {
			isa = PBXGroup;
			children = (
				5333A25C27C2F3A80064FF44 /* WeblAdmin */,
				5333A25B27C2F3A80064FF44 /* Products */,
			);
			sourceTree = "<group>";
		};
		5333A25B27C2F3A80064FF44 /* Products */ = {
			isa = PBXGroup;
			children = (
				5333A25A27C2F3A80064FF44 /* WeblAdmin.app */,
			);
			name = Products;
			sourceTree = "<group>";
		};
		5333A25C27C2F3A80064FF44 /* WeblAdmin */ = {
			isa = PBXGroup;
			children = (
				5333A26627C2F3A90064FF44 /* WeblAdmin.entitlements */,
				5333A25F27C2F3A80064FF44 /* ContentView.swift */,
				5333A25D27C2F3A80064FF44 /* WeblAdminApp.swift */,
				5333A26127C2F3A90064FF44 /* Assets.xcassets */,
				5333A27727C313620064FF44 /* Common */,
				5333A27227C30F270064FF44 /* Posts */,
				5333A26F27C2F4220064FF44 /* Preferences */,
				5333A26327C2F3A90064FF44 /* Preview Content */,
				5333A26C27C2F3D10064FF44 /* System */,
			);
			path = WeblAdmin;
			sourceTree = "<group>";
		};
		5333A26327C2F3A90064FF44 /* Preview Content */ = {
			isa = PBXGroup;
			children = (
				5333A26427C2F3A90064FF44 /* Preview Assets.xcassets */,
			);
			path = "Preview Content";
			sourceTree = "<group>";
		};
		5333A26C27C2F3D10064FF44 /* System */ = {
			isa = PBXGroup;
			children = (
				5333A26D27C2F3EE0064FF44 /* WebClient.swift */,
			);
			path = System;
			sourceTree = "<group>";
		};
		5333A26F27C2F4220064FF44 /* Preferences */ = {
			isa = PBXGroup;
			children = (
				5333A27027C2F44B0064FF44 /* AccountPreferences.swift */,
			);
			path = Preferences;
			sourceTree = "<group>";
		};
		5333A27227C30F270064FF44 /* Posts */ = {
			isa = PBXGroup;
			children = (
				535BBE0827C75DFA00920283 /* Resources */,
				5333A27327C30F3B0064FF44 /* PostListView.swift */,
				5333A27527C30F470064FF44 /* PostListViewState.swift */,
				53105D2427C3722D0038204F /* PostSourceViewer.swift */,
				535BBE0527C7595D00920283 /* WebPostPreview.swift */,
			);
			path = Posts;
			sourceTree = "<group>";
		};
		5333A27727C313620064FF44 /* Common */ = {
			isa = PBXGroup;
			children = (
				5333A27827C313780064FF44 /* DateView.swift */,
			);
			path = Common;
			sourceTree = "<group>";
		};
		535BBE0827C75DFA00920283 /* Resources */ = {
			isa = PBXGroup;
			children = (
				535BBE0927C75E1B00920283 /* style.css */,
			);
			path = Resources;
			sourceTree = "<group>";
		};
/* End PBXGroup section */

/* Begin PBXNativeTarget section */
		5333A25927C2F3A80064FF44 /* WeblAdmin */ = {
			isa = PBXNativeTarget;
			buildConfigurationList = 5333A26927C2F3A90064FF44 /* Build configuration list for PBXNativeTarget "WeblAdmin" */;
			buildPhases = (
				5333A25627C2F3A80064FF44 /* Sources */,
				5333A25727C2F3A80064FF44 /* Frameworks */,
				5333A25827C2F3A80064FF44 /* Resources */,
			);
			buildRules = (
			);
			dependencies = (
			);
			name = WeblAdmin;
			packageProductDependencies = (
				535BBE0C27C762E100920283 /* Markdown */,
			);
			productName = WeblAdmin;
			productReference = 5333A25A27C2F3A80064FF44 /* WeblAdmin.app */;
			productType = "com.apple.product-type.application";
		};
/* End PBXNativeTarget section */

/* Begin PBXProject section */
		5333A25227C2F3A80064FF44 /* Project object */ = {
			isa = PBXProject;
			attributes = {
				BuildIndependentTargetsInParallel = 1;
				LastSwiftUpdateCheck = 1330;
				LastUpgradeCheck = 1330;
				TargetAttributes = {
					5333A25927C2F3A80064FF44 = {
						CreatedOnToolsVersion = 13.3;
					};
				};
			};
			buildConfigurationList = 5333A25527C2F3A80064FF44 /* Build configuration list for PBXProject "WeblAdmin" */;
			compatibilityVersion = "Xcode 13.0";
			developmentRegion = en;
			hasScannedForEncodings = 0;
			knownRegions = (
				en,
				Base,
			);
			mainGroup = 5333A25127C2F3A80064FF44;
			packageReferences = (
				535BBE0B27C762E100920283 /* XCRemoteSwiftPackageReference "swift-markdown" */,
			);
			productRefGroup = 5333A25B27C2F3A80064FF44 /* Products */;
			projectDirPath = "";
			projectRoot = "";
			targets = (
				5333A25927C2F3A80064FF44 /* WeblAdmin */,
			);
		};
/* End PBXProject section */

/* Begin PBXResourcesBuildPhase section */
		5333A25827C2F3A80064FF44 /* Resources */ = {
			isa = PBXResourcesBuildPhase;
			buildActionMask = 2147483647;
			files = (
				5333A26527C2F3A90064FF44 /* Preview Assets.xcassets in Resources */,
				535BBE0A27C75E1B00920283 /* style.css in Resources */,
				5333A26227C2F3A90064FF44 /* Assets.xcassets in Resources */,
			);
			runOnlyForDeploymentPostprocessing = 0;
		};
/* End PBXResourcesBuildPhase section */

/* Begin PBXSourcesBuildPhase section */
		5333A25627C2F3A80064FF44 /* Sources */ = {
			isa = PBXSourcesBuildPhase;
			buildActionMask = 2147483647;
			files = (
				53105D2527C3722D0038204F /* PostSourceViewer.swift in Sources */,
				5333A27627C30F470064FF44 /* PostListViewState.swift in Sources */,
				5333A26027C2F3A80064FF44 /* ContentView.swift in Sources */,
				5333A27927C313780064FF44 /* DateView.swift in Sources */,
				5333A25E27C2F3A80064FF44 /* WeblAdminApp.swift in Sources */,
				5333A27127C2F44B0064FF44 /* AccountPreferences.swift in Sources */,
				5333A26E27C2F3EE0064FF44 /* WebClient.swift in Sources */,
				535BBE0627C7595D00920283 /* WebPostPreview.swift in Sources */,
				5333A27427C30F3B0064FF44 /* PostListView.swift in Sources */,
			);
			runOnlyForDeploymentPostprocessing = 0;
		};
/* End PBXSourcesBuildPhase section */

/* Begin XCBuildConfiguration section */
		5333A26727C2F3A90064FF44 /* Debug */ = {
			isa = XCBuildConfiguration;
			buildSettings = {
				ALWAYS_SEARCH_USER_PATHS = NO;
				CLANG_ANALYZER_NONNULL = YES;
				CLANG_ANALYZER_NUMBER_OBJECT_CONVERSION = YES_AGGRESSIVE;
				CLANG_CXX_LANGUAGE_STANDARD = "gnu++17";
				CLANG_ENABLE_MODULES = YES;
				CLANG_ENABLE_OBJC_ARC = YES;
				CLANG_ENABLE_OBJC_WEAK = YES;
				CLANG_WARN_BLOCK_CAPTURE_AUTORELEASING = YES;
				CLANG_WARN_BOOL_CONVERSION = YES;
				CLANG_WARN_COMMA = YES;
				CLANG_WARN_CONSTANT_CONVERSION = YES;
				CLANG_WARN_DEPRECATED_OBJC_IMPLEMENTATIONS = YES;
				CLANG_WARN_DIRECT_OBJC_ISA_USAGE = YES_ERROR;
				CLANG_WARN_DOCUMENTATION_COMMENTS = YES;
				CLANG_WARN_EMPTY_BODY = YES;
				CLANG_WARN_ENUM_CONVERSION = YES;
				CLANG_WARN_INFINITE_RECURSION = YES;
				CLANG_WARN_INT_CONVERSION = YES;
				CLANG_WARN_NON_LITERAL_NULL_CONVERSION = YES;
				CLANG_WARN_OBJC_IMPLICIT_RETAIN_SELF = YES;
				CLANG_WARN_OBJC_LITERAL_CONVERSION = YES;
				CLANG_WARN_OBJC_ROOT_CLASS = YES_ERROR;
				CLANG_WARN_QUOTED_INCLUDE_IN_FRAMEWORK_HEADER = YES;
				CLANG_WARN_RANGE_LOOP_ANALYSIS = YES;
				CLANG_WARN_STRICT_PROTOTYPES = YES;
				CLANG_WARN_SUSPICIOUS_MOVE = YES;
				CLANG_WARN_UNGUARDED_AVAILABILITY = YES_AGGRESSIVE;
				CLANG_WARN_UNREACHABLE_CODE = YES;
				CLANG_WARN__DUPLICATE_METHOD_MATCH = YES;
				COPY_PHASE_STRIP = NO;
				DEBUG_INFORMATION_FORMAT = dwarf;
				ENABLE_STRICT_OBJC_MSGSEND = YES;
				ENABLE_TESTABILITY = YES;
				GCC_C_LANGUAGE_STANDARD = gnu11;
				GCC_DYNAMIC_NO_PIC = NO;
				GCC_NO_COMMON_BLOCKS = YES;
				GCC_OPTIMIZATION_LEVEL = 0;
				GCC_PREPROCESSOR_DEFINITIONS = (
					"DEBUG=1",
					"$(inherited)",
				);
				GCC_WARN_64_TO_32_BIT_CONVERSION = YES;
				GCC_WARN_ABOUT_RETURN_TYPE = YES_ERROR;
				GCC_WARN_UNDECLARED_SELECTOR = YES;
				GCC_WARN_UNINITIALIZED_AUTOS = YES_AGGRESSIVE;
				GCC_WARN_UNUSED_FUNCTION = YES;
				GCC_WARN_UNUSED_VARIABLE = YES;
				MACOSX_DEPLOYMENT_TARGET = 12.2;
				MTL_ENABLE_DEBUG_INFO = INCLUDE_SOURCE;
				MTL_FAST_MATH = YES;
				ONLY_ACTIVE_ARCH = YES;
				SDKROOT = macosx;
				SWIFT_ACTIVE_COMPILATION_CONDITIONS = DEBUG;
				SWIFT_OPTIMIZATION_LEVEL = "-Onone";
			};
			name = Debug;
		};
		5333A26827C2F3A90064FF44 /* Release */ = {
			isa = XCBuildConfiguration;
			buildSettings = {
				ALWAYS_SEARCH_USER_PATHS = NO;
				CLANG_ANALYZER_NONNULL = YES;
				CLANG_ANALYZER_NUMBER_OBJECT_CONVERSION = YES_AGGRESSIVE;
				CLANG_CXX_LANGUAGE_STANDARD = "gnu++17";
				CLANG_ENABLE_MODULES = YES;
				CLANG_ENABLE_OBJC_ARC = YES;
				CLANG_ENABLE_OBJC_WEAK = YES;
				CLANG_WARN_BLOCK_CAPTURE_AUTORELEASING = YES;
				CLANG_WARN_BOOL_CONVERSION = YES;
				CLANG_WARN_COMMA = YES;
				CLANG_WARN_CONSTANT_CONVERSION = YES;
				CLANG_WARN_DEPRECATED_OBJC_IMPLEMENTATIONS = YES;
				CLANG_WARN_DIRECT_OBJC_ISA_USAGE = YES_ERROR;
				CLANG_WARN_DOCUMENTATION_COMMENTS = YES;
				CLANG_WARN_EMPTY_BODY = YES;
				CLANG_WARN_ENUM_CONVERSION = YES;
				CLANG_WARN_INFINITE_RECURSION = YES;
				CLANG_WARN_INT_CONVERSION = YES;
				CLANG_WARN_NON_LITERAL_NULL_CONVERSION = YES;
				CLANG_WARN_OBJC_IMPLICIT_RETAIN_SELF = YES;
				CLANG_WARN_OBJC_LITERAL_CONVERSION = YES;
				CLANG_WARN_OBJC_ROOT_CLASS = YES_ERROR;
				CLANG_WARN_QUOTED_INCLUDE_IN_FRAMEWORK_HEADER = YES;
				CLANG_WARN_RANGE_LOOP_ANALYSIS = YES;
				CLANG_WARN_STRICT_PROTOTYPES = YES;
				CLANG_WARN_SUSPICIOUS_MOVE = YES;
				CLANG_WARN_UNGUARDED_AVAILABILITY = YES_AGGRESSIVE;
				CLANG_WARN_UNREACHABLE_CODE = YES;
				CLANG_WARN__DUPLICATE_METHOD_MATCH = YES;
				COPY_PHASE_STRIP = NO;
				DEBUG_INFORMATION_FORMAT = "dwarf-with-dsym";
				ENABLE_NS_ASSERTIONS = NO;
				ENABLE_STRICT_OBJC_MSGSEND = YES;
				GCC_C_LANGUAGE_STANDARD = gnu11;
				GCC_NO_COMMON_BLOCKS = YES;
				GCC_WARN_64_TO_32_BIT_CONVERSION = YES;
				GCC_WARN_ABOUT_RETURN_TYPE = YES_ERROR;
				GCC_WARN_UNDECLARED_SELECTOR = YES;
				GCC_WARN_UNINITIALIZED_AUTOS = YES_AGGRESSIVE;
				GCC_WARN_UNUSED_FUNCTION = YES;
				GCC_WARN_UNUSED_VARIABLE = YES;
				MACOSX_DEPLOYMENT_TARGET = 12.2;
				MTL_ENABLE_DEBUG_INFO = NO;
				MTL_FAST_MATH = YES;
				SDKROOT = macosx;
				SWIFT_COMPILATION_MODE = wholemodule;
				SWIFT_OPTIMIZATION_LEVEL = "-O";
			};
			name = Release;
		};
		5333A26A27C2F3A90064FF44 /* Debug */ = {
			isa = XCBuildConfiguration;
			buildSettings = {
				ASSETCATALOG_COMPILER_APPICON_NAME = AppIcon;
				ASSETCATALOG_COMPILER_GLOBAL_ACCENT_COLOR_NAME = AccentColor;
				CODE_SIGN_ENTITLEMENTS = WeblAdmin/WeblAdmin.entitlements;
				CODE_SIGN_STYLE = Automatic;
				COMBINE_HIDPI_IMAGES = YES;
				CURRENT_PROJECT_VERSION = 1;
				DEVELOPMENT_ASSET_PATHS = "\"WeblAdmin/Preview Content\"";
				DEVELOPMENT_TEAM = 5Y5389EUC6;
				ENABLE_HARDENED_RUNTIME = YES;
				ENABLE_PREVIEWS = YES;
				GENERATE_INFOPLIST_FILE = YES;
				INFOPLIST_KEY_NSHumanReadableCopyright = "";
				LD_RUNPATH_SEARCH_PATHS = (
					"$(inherited)",
					"@executable_path/../Frameworks",
				);
				MARKETING_VERSION = 1.0;
				PRODUCT_BUNDLE_IDENTIFIER = com.zentrope.WeblAdmin;
				PRODUCT_NAME = "$(TARGET_NAME)";
				SWIFT_EMIT_LOC_STRINGS = YES;
				SWIFT_VERSION = 5.0;
			};
			name = Debug;
		};
		5333A26B27C2F3A90064FF44 /* Release */ = {
			isa = XCBuildConfiguration;
			buildSettings = {
				ASSETCATALOG_COMPILER_APPICON_NAME = AppIcon;
				ASSETCATALOG_COMPILER_GLOBAL_ACCENT_COLOR_NAME = AccentColor;
				CODE_SIGN_ENTITLEMENTS = WeblAdmin/WeblAdmin.entitlements;
				CODE_SIGN_STYLE = Automatic;
				COMBINE_HIDPI_IMAGES = YES;
				CURRENT_PROJECT_VERSION = 1;
				DEVELOPMENT_ASSET_PATHS = "\"WeblAdmin/Preview Content\"";
				DEVELOPMENT_TEAM = 5Y5389EUC6;
				ENABLE_HARDENED_RUNTIME = YES;
				ENABLE_PREVIEWS = YES;
				GENERATE_INFOPLIST_FILE = YES;
				INFOPLIST_KEY_NSHumanReadableCopyright = "";
				LD_RUNPATH_SEARCH_PATHS = (
					"$(inherited)",
					"@executable_path/../Frameworks",
				);
				MARKETING_VERSION = 1.0;
				PRODUCT_BUNDLE_IDENTIFIER = com.zentrope.WeblAdmin;
				PRODUCT_NAME = "$(TARGET_NAME)";
				SWIFT_EMIT_LOC_STRINGS = YES;
				SWIFT_VERSION = 5.0;
			};
			name = Release;
		};
/* End XCBuildConfiguration section */

/* Begin XCConfigurationList section */
		5333A25527C2F3A80064FF44 /* Build configuration list for PBXProject "WeblAdmin" */ = {
			isa = XCConfigurationList;
			buildConfigurations = (
				5333A26727C2F3A90064FF44 /* Debug */,
				5333A26827C2F3A90064FF44 /* Release */,
			);
			defaultConfigurationIsVisible = 0;
			defaultConfigurationName = Release;
		};
		5333A26927C2F3A90064FF44 /* Build configuration list for PBXNativeTarget "WeblAdmin" */ = {
			isa = XCConfigurationList;
			buildConfigurations = (
				5333A26A27C2F3A90064FF44 /* Debug */,
				5333A26B27C2F3A90064FF44 /* Release */,
			);
			defaultConfigurationIsVisible = 0;
			defaultConfigurationName = Release;
		};
/* End XCConfigurationList section */

/* Begin XCRemoteSwiftPackageReference section */
		535BBE0B27C762E100920283 /* XCRemoteSwiftPackageReference "swift-markdown" */ = {
			isa = XCRemoteSwiftPackageReference;
			repositoryURL = "https://github.com/apple/swift-markdown.git";
			requirement = {
				branch = main;
				kind = branch;
			};
		};
/* End XCRemoteSwiftPackageReference section */

/* Begin XCSwiftPackageProductDependency section */
		535BBE0C27C762E100920283 /* Markdown */ = {
			isa = XCSwiftPackageProductDependency;
			package = 535BBE0B27C762E100920283 /* XCRemoteSwiftPackageReference "swift-markdown" */;
			productName = Markdown;
		};
/* End XCSwiftPackageProductDependency section */
	};
	rootObject = 5333A25227C2F3A80064FF44 /* Project object */;
}
